
Microsoft Visual Studio Solution File, Format Version 12.00
# Visual Studio 15
VisualStudioVersion = 15.0.26124.0
MinimumVisualStudioVersion = 15.0.26124.0
Project("{FAE04EC0-301F-11D3-BF4B-00C04F79EFBC}") = "Bookstore.Api", "Bookstore.Api\Bookstore.Api.csproj", "{ED9F1D69-A304-460B-A209-0F2C6F3D8C07}"
EndProject
Project("{FAE04EC0-301F-11D3-BF4B-00C04F79EFBC}") = "Bookstore.Data", "Bookstore.Data\Bookstore.Data.csproj", "{D135423D-19A1-41DE-B845-32EA66E1B5D9}"
EndProject
Project("{FAE04EC0-301F-11D3-BF4B-00C04F79EFBC}") = "Bookstore.Data.MongoDb", "Bookstore.Data.MongoDb\Bookstore.Data.MongoDb.csproj", "{5A681660-E440-4047-B316-97D8E21CBA74}"
EndProject
Project("{FAE04EC0-301F-11D3-BF4B-00C04F79EFBC}") = "Bookstore.Data.Postgres", "Bookstore.Data.Postgres\Bookstore.Data.Postgres.csproj", "{2C2DBA75-7EB9-4E56-9AD6-CA212874BD80}"
EndProject
Global
	GlobalSection(SolutionConfigurationPlatforms) = preSolution
		Debug|Any CPU = Debug|Any CPU
		Debug|x64 = Debug|x64
		Debug|x86 = Debug|x86
		Release|Any CPU = Release|Any CPU
		Release|x64 = Release|x64
		Release|x86 = Release|x86
	EndGlobalSection
	GlobalSection(SolutionProperties) = preSolution
		HideSolutionNode = FALSE
	EndGlobalSection
	GlobalSection(ProjectConfigurationPlatforms) = postSolution
		{ED9F1D69-A304-460B-A209-0F2C6F3D8C07}.Debug|Any CPU.ActiveCfg = Debug|Any CPU
		{ED9F1D69-A304-460B-A209-0F2C6F3D8C07}.Debug|Any CPU.Build.0 = Debug|Any CPU
		{ED9F1D69-A304-460B-A209-0F2C6F3D8C07}.Debug|x64.ActiveCfg = Debug|Any CPU
		{ED9F1D69-A304-460B-A209-0F2C6F3D8C07}.Debug|x64.Build.0 = Debug|Any CPU
		{ED9F1D69-A304-460B-A209-0F2C6F3D8C07}.Debug|x86.ActiveCfg = Debug|Any CPU
		{ED9F1D69-A304-460B-A209-0F2C6F3D8C07}.Debug|x86.Build.0 = Debug|Any CPU
		{ED9F1D69-A304-460B-A209-0F2C6F3D8C07}.Release|Any CPU.ActiveCfg = Release|Any CPU
		{ED9F1D69-A304-460B-A209-0F2C6F3D8C07}.Release|Any CPU.Build.0 = Release|Any CPU
		{ED9F1D69-A304-460B-A209-0F2C6F3D8C07}.Release|x64.ActiveCfg = Release|Any CPU
		{ED9F1D69-A304-460B-A209-0F2C6F3D8C07}.Release|x64.Build.0 = Release|Any CPU
		{ED9F1D69-A304-460B-A209-0F2C6F3D8C07}.Release|x86.ActiveCfg = Release|Any CPU
		{ED9F1D69-A304-460B-A209-0F2C6F3D8C07}.Release|x86.Build.0 = Release|Any CPU
		{D135423D-19A1-41DE-B845-32EA66E1B5D9}.Debug|Any CPU.ActiveCfg = Debug|Any CPU
		{D135423D-19A1-41DE-B845-32EA66E1B5D9}.Debug|Any CPU.Build.0 = Debug|Any CPU
		{D135423D-19A1-41DE-B845-32EA66E1B5D9}.Debug|x64.ActiveCfg = Debug|Any CPU
		{D135423D-19A1-41DE-B845-32EA66E1B5D9}.Debug|x64.Build.0 = Debug|Any CPU
		{D135423D-19A1-41DE-B845-32EA66E1B5D9}.Debug|x86.ActiveCfg = Debug|Any CPU
		{D135423D-19A1-41DE-B845-32EA66E1B5D9}.Debug|x86.Build.0 = Debug|Any CPU
		{D135423D-19A1-41DE-B845-32EA66E1B5D9}.Release|Any CPU.ActiveCfg = Release|Any CPU
		{D135423D-19A1-41DE-B845-32EA66E1B5D9}.Release|Any CPU.Build.0 = Release|Any CPU
		{D135423D-19A1-41DE-B845-32EA66E1B5D9}.Release|x64.ActiveCfg = Release|Any CPU
		{D135423D-19A1-41DE-B845-32EA66E1B5D9}.Release|x64.Build.0 = Release|Any CPU
		{D135423D-19A1-41DE-B845-32EA66E1B5D9}.Release|x86.ActiveCfg = Release|Any CPU
		{D135423D-19A1-41DE-B845-32EA66E1B5D9}.Release|x86.Build.0 = Release|Any CPU
		{5A681660-E440-4047-B316-97D8E21CBA74}.Debug|Any CPU.ActiveCfg = Debug|Any CPU
		{5A681660-E440-4047-B316-97D8E21CBA74}.Debug|Any CPU.Build.0 = Debug|Any CPU
		{5A681660-E440-4047-B316-97D8E21CBA74}.Debug|x64.ActiveCfg = Debug|Any CPU
		{5A681660-E440-4047-B316-97D8E21CBA74}.Debug|x64.Build.0 = Debug|Any CPU
		{5A681660-E440-4047-B316-97D8E21CBA74}.Debug|x86.ActiveCfg = Debug|Any CPU
		{5A681660-E440-4047-B316-97D8E21CBA74}.Debug|x86.Build.0 = Debug|Any CPU
		{5A681660-E440-4047-B316-97D8E21CBA74}.Release|Any CPU.ActiveCfg = Release|Any CPU
		{5A681660-E440-4047-B316-97D8E21CBA74}.Release|Any CPU.Build.0 = Release|Any CPU
		{5A681660-E440-4047-B316-97D8E21CBA74}.Release|x64.ActiveCfg = Release|Any CPU
		{5A681660-E440-4047-B316-97D8E21CBA74}.Release|x64.Build.0 = Release|Any CPU
		{5A681660-E440-4047-B316-97D8E21CBA74}.Release|x86.ActiveCfg = Release|Any CPU
		{5A681660-E440-4047-B316-97D8E21CBA74}.Release|x86.Build.0 = Release|Any CPU
		{2C2DBA75-7EB9-4E56-9AD6-CA212874BD80}.Debug|Any CPU.ActiveCfg = Debug|Any CPU
		{2C2DBA75-7EB9-4E56-9AD6-CA212874BD80}.Debug|Any CPU.Build.0 = Debug|Any CPU
		{2C2DBA75-7EB9-4E56-9AD6-CA212874BD80}.Debug|x64.ActiveCfg = Debug|Any CPU
		{2C2DBA75-7EB9-4E56-9AD6-CA212874BD80}.Debug|x64.Build.0 = Debug|Any CPU
		{2C2DBA75-7EB9-4E56-9AD6-CA212874BD80}.Debug|x86.ActiveCfg = Debug|Any CPU
		{2C2DBA75-7EB9-4E56-9AD6-CA212874BD80}.Debug|x86.Build.0 = Debug|Any CPU
		{2C2DBA75-7EB9-4E56-9AD6-CA212874BD80}.Release|Any CPU.ActiveCfg = Release|Any CPU
		{2C2DBA75-7EB9-4E56-9AD6-CA212874BD80}.Release|Any CPU.Build.0 = Release|Any CPU
		{2C2DBA75-7EB9-4E56-9AD6-CA212874BD80}.Release|x64.ActiveCfg = Release|Any CPU
		{2C2DBA75-7EB9-4E56-9AD6-CA212874BD80}.Release|x64.Build.0 = Release|Any CPU
		{2C2DBA75-7EB9-4E56-9AD6-CA212874BD80}.Release|x86.ActiveCfg = Release|Any CPU
		{2C2DBA75-7EB9-4E56-9AD6-CA212874BD80}.Release|x86.Build.0 = Release|Any CPU
	EndGlobalSection
EndGlobal
